// !$*UTF8*$!
{
	archiveVersion = 1;
	classes = {
	};
	objectVersion = 48;
	objects = {

/* Begin PBXBuildFile section */
		0B2383C888A9BBE75FAD2986 /* Pods_LewisKendrick_KeenFit.framework in Frameworks */ = {isa = PBXBuildFile; fileRef = 5EB07CC23AF0B88E436ED142 /* Pods_LewisKendrick_KeenFit.framework */; };
		184590101FA310E600594932 /* AppDelegate.swift in Sources */ = {isa = PBXBuildFile; fileRef = 1845900F1FA310E600594932 /* AppDelegate.swift */; };
		184590121FA310E600594932 /* LoginScreen.swift in Sources */ = {isa = PBXBuildFile; fileRef = 184590111FA310E600594932 /* LoginScreen.swift */; };
		184590151FA310E600594932 /* Main.storyboard in Resources */ = {isa = PBXBuildFile; fileRef = 184590131FA310E600594932 /* Main.storyboard */; };
		184590171FA310E600594932 /* Assets.xcassets in Resources */ = {isa = PBXBuildFile; fileRef = 184590161FA310E600594932 /* Assets.xcassets */; };
		1845901A1FA310E600594932 /* LaunchScreen.storyboard in Resources */ = {isa = PBXBuildFile; fileRef = 184590181FA310E600594932 /* LaunchScreen.storyboard */; };
		184AFE041FB1767400B621F4 /* MainScreenController.swift in Sources */ = {isa = PBXBuildFile; fileRef = 184AFE031FB1767400B621F4 /* MainScreenController.swift */; };
		184AFE061FB18A7A00B621F4 /* Person.swift in Sources */ = {isa = PBXBuildFile; fileRef = 184AFE051FB18A7A00B621F4 /* Person.swift */; };
		184AFE081FB19CC000B621F4 /* Goal.swift in Sources */ = {isa = PBXBuildFile; fileRef = 184AFE071FB19CC000B621F4 /* Goal.swift */; };
		184AFE0B1FB1B52200B621F4 /* GoogleService-Info.plist in Resources */ = {isa = PBXBuildFile; fileRef = 184AFE0A1FB1B4D200B621F4 /* GoogleService-Info.plist */; };
/* End PBXBuildFile section */

/* Begin PBXFileReference section */
		1845900C1FA310E600594932 /* LewisKendrick_KeenFit.app */ = {isa = PBXFileReference; explicitFileType = wrapper.application; includeInIndex = 0; path = LewisKendrick_KeenFit.app; sourceTree = BUILT_PRODUCTS_DIR; };
		1845900F1FA310E600594932 /* AppDelegate.swift */ = {isa = PBXFileReference; lastKnownFileType = sourcecode.swift; path = AppDelegate.swift; sourceTree = "<group>"; };
		184590111FA310E600594932 /* LoginScreen.swift */ = {isa = PBXFileReference; lastKnownFileType = sourcecode.swift; path = LoginScreen.swift; sourceTree = "<group>"; };
		184590141FA310E600594932 /* Base */ = {isa = PBXFileReference; lastKnownFileType = file.storyboard; name = Base; path = Base.lproj/Main.storyboard; sourceTree = "<group>"; };
		184590161FA310E600594932 /* Assets.xcassets */ = {isa = PBXFileReference; lastKnownFileType = folder.assetcatalog; path = Assets.xcassets; sourceTree = "<group>"; };
		184590191FA310E600594932 /* Base */ = {isa = PBXFileReference; lastKnownFileType = file.storyboard; name = Base; path = Base.lproj/LaunchScreen.storyboard; sourceTree = "<group>"; };
		1845901B1FA310E600594932 /* Info.plist */ = {isa = PBXFileReference; lastKnownFileType = text.plist.xml; path = Info.plist; sourceTree = "<group>"; };
		184AFE031FB1767400B621F4 /* MainScreenController.swift */ = {isa = PBXFileReference; lastKnownFileType = sourcecode.swift; path = MainScreenController.swift; sourceTree = "<group>"; };
		184AFE051FB18A7A00B621F4 /* Person.swift */ = {isa = PBXFileReference; lastKnownFileType = sourcecode.swift; path = Person.swift; sourceTree = "<group>"; };
		184AFE071FB19CC000B621F4 /* Goal.swift */ = {isa = PBXFileReference; lastKnownFileType = sourcecode.swift; path = Goal.swift; sourceTree = "<group>"; };
		184AFE0A1FB1B4D200B621F4 /* GoogleService-Info.plist */ = {isa = PBXFileReference; lastKnownFileType = text.plist.xml; path = "GoogleService-Info.plist"; sourceTree = "<group>"; };
		50B9E4CAF55031FB83F55448 /* Pods-LewisKendrick_KeenFit.release.xcconfig */ = {isa = PBXFileReference; includeInIndex = 1; lastKnownFileType = text.xcconfig; name = "Pods-LewisKendrick_KeenFit.release.xcconfig"; path = "Pods/Target Support Files/Pods-LewisKendrick_KeenFit/Pods-LewisKendrick_KeenFit.release.xcconfig"; sourceTree = "<group>"; };
		5EB07CC23AF0B88E436ED142 /* Pods_LewisKendrick_KeenFit.framework */ = {isa = PBXFileReference; explicitFileType = wrapper.framework; includeInIndex = 0; path = Pods_LewisKendrick_KeenFit.framework; sourceTree = BUILT_PRODUCTS_DIR; };
		F0DBACFCB6EA0DBA4C85FF09 /* Pods-LewisKendrick_KeenFit.debug.xcconfig */ = {isa = PBXFileReference; includeInIndex = 1; lastKnownFileType = text.xcconfig; name = "Pods-LewisKendrick_KeenFit.debug.xcconfig"; path = "Pods/Target Support Files/Pods-LewisKendrick_KeenFit/Pods-LewisKendrick_KeenFit.debug.xcconfig"; sourceTree = "<group>"; };
/* End PBXFileReference section */

/* Begin PBXFrameworksBuildPhase section */
		184590091FA310E600594932 /* Frameworks */ = {
			isa = PBXFrameworksBuildPhase;
			buildActionMask = 2147483647;
			files = (
				0B2383C888A9BBE75FAD2986 /* Pods_LewisKendrick_KeenFit.framework in Frameworks */,
			);
			runOnlyForDeploymentPostprocessing = 0;
		};
/* End PBXFrameworksBuildPhase section */

/* Begin PBXGroup section */
		184590031FA310E600594932 = {
			isa = PBXGroup;
			children = (
				1845900E1FA310E600594932 /* LewisKendrick_KeenFit */,
				1845900D1FA310E600594932 /* Products */,
				6177EB012422711781D28F48 /* Pods */,
				442FD7334E7EBEC5F8EA4AA1 /* Frameworks */,
			);
			sourceTree = "<group>";
		};
		1845900D1FA310E600594932 /* Products */ = {
			isa = PBXGroup;
			children = (
				1845900C1FA310E600594932 /* LewisKendrick_KeenFit.app */,
			);
			name = Products;
			sourceTree = "<group>";
		};
		1845900E1FA310E600594932 /* LewisKendrick_KeenFit */ = {
			isa = PBXGroup;
			children = (
				1845900F1FA310E600594932 /* AppDelegate.swift */,
				184590111FA310E600594932 /* LoginScreen.swift */,
				184AFE031FB1767400B621F4 /* MainScreenController.swift */,
				184AFE071FB19CC000B621F4 /* Goal.swift */,
				184590131FA310E600594932 /* Main.storyboard */,
				184AFE051FB18A7A00B621F4 /* Person.swift */,
				184590161FA310E600594932 /* Assets.xcassets */,
				184590181FA310E600594932 /* LaunchScreen.storyboard */,
				184AFE0A1FB1B4D200B621F4 /* GoogleService-Info.plist */,
				1845901B1FA310E600594932 /* Info.plist */,
			);
			path = LewisKendrick_KeenFit;
			sourceTree = "<group>";
		};
		442FD7334E7EBEC5F8EA4AA1 /* Frameworks */ = {
			isa = PBXGroup;
			children = (
				5EB07CC23AF0B88E436ED142 /* Pods_LewisKendrick_KeenFit.framework */,
			);
			name = Frameworks;
			sourceTree = "<group>";
		};
		6177EB012422711781D28F48 /* Pods */ = {
			isa = PBXGroup;
			children = (
				F0DBACFCB6EA0DBA4C85FF09 /* Pods-LewisKendrick_KeenFit.debug.xcconfig */,
				50B9E4CAF55031FB83F55448 /* Pods-LewisKendrick_KeenFit.release.xcconfig */,
			);
			name = Pods;
			sourceTree = "<group>";
		};
/* End PBXGroup section */

/* Begin PBXNativeTarget section */
		1845900B1FA310E600594932 /* LewisKendrick_KeenFit */ = {
			isa = PBXNativeTarget;
			buildConfigurationList = 1845901E1FA310E600594932 /* Build configuration list for PBXNativeTarget "LewisKendrick_KeenFit" */;
			buildPhases = (
				497D485645637F1475A220D2 /* [CP] Check Pods Manifest.lock */,
				184590081FA310E600594932 /* Sources */,
				184590091FA310E600594932 /* Frameworks */,
				1845900A1FA310E600594932 /* Resources */,
				52E7BC7ADB56FC3C0A42FD5F /* [CP] Embed Pods Frameworks */,
				DBEB694622AC5A1644AB269F /* [CP] Copy Pods Resources */,
			);
			buildRules = (
			);
			dependencies = (
			);
			name = LewisKendrick_KeenFit;
			productName = LewisKendrick_KeenFit;
			productReference = 1845900C1FA310E600594932 /* LewisKendrick_KeenFit.app */;
			productType = "com.apple.product-type.application";
		};
/* End PBXNativeTarget section */

/* Begin PBXProject section */
		184590041FA310E600594932 /* Project object */ = {
			isa = PBXProject;
			attributes = {
				LastSwiftUpdateCheck = 0900;
				LastUpgradeCheck = 0900;
				ORGANIZATIONNAME = "kendrick lewis";
				TargetAttributes = {
					1845900B1FA310E600594932 = {
						CreatedOnToolsVersion = 9.0;
						ProvisioningStyle = Automatic;
					};
				};
			};
			buildConfigurationList = 184590071FA310E600594932 /* Build configuration list for PBXProject "LewisKendrick_KeenFit" */;
			compatibilityVersion = "Xcode 8.0";
			developmentRegion = en;
			hasScannedForEncodings = 0;
			knownRegions = (
				en,
				Base,
			);
			mainGroup = 184590031FA310E600594932;
			productRefGroup = 1845900D1FA310E600594932 /* Products */;
			projectDirPath = "";
			projectRoot = "";
			targets = (
				1845900B1FA310E600594932 /* LewisKendrick_KeenFit */,
			);
		};
/* End PBXProject section */

/* Begin PBXResourcesBuildPhase section */
		1845900A1FA310E600594932 /* Resources */ = {
			isa = PBXResourcesBuildPhase;
			buildActionMask = 2147483647;
			files = (
				1845901A1FA310E600594932 /* LaunchScreen.storyboard in Resources */,
				184AFE0B1FB1B52200B621F4 /* GoogleService-Info.plist in Resources */,
				184590171FA310E600594932 /* Assets.xcassets in Resources */,
				184590151FA310E600594932 /* Main.storyboard in Resources */,
			);
			runOnlyForDeploymentPostprocessing = 0;
		};
/* End PBXResourcesBuildPhase section */

/* Begin PBXShellScriptBuildPhase section */
		497D485645637F1475A220D2 /* [CP] Check Pods Manifest.lock */ = {
			isa = PBXShellScriptBuildPhase;
			buildActionMask = 2147483647;
			files = (
			);
			inputPaths = (
				"${PODS_PODFILE_DIR_PATH}/Podfile.lock",
				"${PODS_ROOT}/Manifest.lock",
			);
			name = "[CP] Check Pods Manifest.lock";
			outputPaths = (
				"$(DERIVED_FILE_DIR)/Pods-LewisKendrick_KeenFit-checkManifestLockResult.txt",
			);
			runOnlyForDeploymentPostprocessing = 0;
			shellPath = /bin/sh;
			shellScript = "diff \"${PODS_PODFILE_DIR_PATH}/Podfile.lock\" \"${PODS_ROOT}/Manifest.lock\" > /dev/null\nif [ $? != 0 ] ; then\n    # print error to STDERR\n    echo \"error: The sandbox is not in sync with the Podfile.lock. Run 'pod install' or update your CocoaPods installation.\" >&2\n    exit 1\nfi\n# This output is used by Xcode 'outputs' to avoid re-running this script phase.\necho \"SUCCESS\" > \"${SCRIPT_OUTPUT_FILE_0}\"\n";
			showEnvVarsInLog = 0;
		};
		52E7BC7ADB56FC3C0A42FD5F /* [CP] Embed Pods Frameworks */ = {
			isa = PBXShellScriptBuildPhase;
			buildActionMask = 2147483647;
			files = (
			);
			inputPaths = (
				"${SRCROOT}/Pods/Target Support Files/Pods-LewisKendrick_KeenFit/Pods-LewisKendrick_KeenFit-frameworks.sh",
				"${BUILT_PRODUCTS_DIR}/GTMSessionFetcher/GTMSessionFetcher.framework",
				"${BUILT_PRODUCTS_DIR}/GoogleToolboxForMac/GoogleToolboxForMac.framework",
				"${BUILT_PRODUCTS_DIR}/leveldb-library/leveldb.framework",
				"${BUILT_PRODUCTS_DIR}/nanopb/nanopb.framework",
			);
			name = "[CP] Embed Pods Frameworks";
			outputPaths = (
				"${TARGET_BUILD_DIR}/${FRAMEWORKS_FOLDER_PATH}/GTMSessionFetcher.framework",
				"${TARGET_BUILD_DIR}/${FRAMEWORKS_FOLDER_PATH}/GoogleToolboxForMac.framework",
				"${TARGET_BUILD_DIR}/${FRAMEWORKS_FOLDER_PATH}/leveldb.framework",
				"${TARGET_BUILD_DIR}/${FRAMEWORKS_FOLDER_PATH}/nanopb.framework",
			);
			runOnlyForDeploymentPostprocessing = 0;
			shellPath = /bin/sh;
			shellScript = "\"${SRCROOT}/Pods/Target Support Files/Pods-LewisKendrick_KeenFit/Pods-LewisKendrick_KeenFit-frameworks.sh\"\n";
			showEnvVarsInLog = 0;
		};
		DBEB694622AC5A1644AB269F /* [CP] Copy Pods Resources */ = {
			isa = PBXShellScriptBuildPhase;
			buildActionMask = 2147483647;
			files = (
			);
			inputPaths = (
			);
			name = "[CP] Copy Pods Resources";
			outputPaths = (
			);
			runOnlyForDeploymentPostprocessing = 0;
			shellPath = /bin/sh;
			shellScript = "\"${SRCROOT}/Pods/Target Support Files/Pods-LewisKendrick_KeenFit/Pods-LewisKendrick_KeenFit-resources.sh\"\n";
			showEnvVarsInLog = 0;
		};
/* End PBXShellScriptBuildPhase section */

/* Begin PBXSourcesBuildPhase section */
		184590081FA310E600594932 /* Sources */ = {
			isa = PBXSourcesBuildPhase;
			buildActionMask = 2147483647;
			files = (
				184590121FA310E600594932 /* LoginScreen.swift in Sources */,
				184590101FA310E600594932 /* AppDelegate.swift in Sources */,
				184AFE061FB18A7A00B621F4 /* Person.swift in Sources */,
				184AFE081FB19CC000B621F4 /* Goal.swift in Sources */,
				184AFE041FB1767400B621F4 /* MainScreenController.swift in Sources */,
			);
			runOnlyForDeploymentPostprocessing = 0;
		};
/* End PBXSourcesBuildPhase section */

/* Begin PBXVariantGroup section */
		184590131FA310E600594932 /* Main.storyboard */ = {
			isa = PBXVariantGroup;
			children = (
				184590141FA310E600594932 /* Base */,
			);
			name = Main.storyboard;
			sourceTree = "<group>";
		};
		184590181FA310E600594932 /* LaunchScreen.storyboard */ = {
			isa = PBXVariantGroup;
			children = (
				184590191FA310E600594932 /* Base */,
			);
			name = LaunchScreen.storyboard;
			sourceTree = "<group>";
		};
/* End PBXVariantGroup section */

/* Begin XCBuildConfiguration section */
		1845901C1FA310E600594932 /* Debug */ = {
			isa = XCBuildConfiguration;
			buildSettings = {
				ALWAYS_SEARCH_USER_PATHS = NO;
				CLANG_ANALYZER_NONNULL = YES;
				CLANG_ANALYZER_NUMBER_OBJECT_CONVERSION = YES_AGGRESSIVE;
				CLANG_CXX_LANGUAGE_STANDARD = "gnu++14";
				CLANG_CXX_LIBRARY = "libc++";
				CLANG_ENABLE_MODULES = YES;
				CLANG_ENABLE_OBJC_ARC = YES;
				CLANG_WARN_BLOCK_CAPTURE_AUTORELEASING = YES;
				CLANG_WARN_BOOL_CONVERSION = YES;
				CLANG_WARN_COMMA = YES;
				CLANG_WARN_CONSTANT_CONVERSION = YES;
				CLANG_WARN_DIRECT_OBJC_ISA_USAGE = YES_ERROR;
				CLANG_WARN_DOCUMENTATION_COMMENTS = YES;
				CLANG_WARN_EMPTY_BODY = YES;
				CLANG_WARN_ENUM_CONVERSION = YES;
				CLANG_WARN_INFINITE_RECURSION = YES;
				CLANG_WARN_INT_CONVERSION = YES;
				CLANG_WARN_NON_LITERAL_NULL_CONVERSION = YES;
				CLANG_WARN_OBJC_LITERAL_CONVERSION = YES;
				CLANG_WARN_OBJC_ROOT_CLASS = YES_ERROR;
				CLANG_WARN_RANGE_LOOP_ANALYSIS = YES;
				CLANG_WARN_STRICT_PROTOTYPES = YES;
				CLANG_WARN_SUSPICIOUS_MOVE = YES;
				CLANG_WARN_UNGUARDED_AVAILABILITY = YES_AGGRESSIVE;
				CLANG_WARN_UNREACHABLE_CODE = YES;
				CLANG_WARN__DUPLICATE_METHOD_MATCH = YES;
				CODE_SIGN_IDENTITY = "iPhone Developer";
				COPY_PHASE_STRIP = NO;
				DEBUG_INFORMATION_FORMAT = dwarf;
				ENABLE_STRICT_OBJC_MSGSEND = YES;
				ENABLE_TESTABILITY = YES;
				GCC_C_LANGUAGE_STANDARD = gnu11;
				GCC_DYNAMIC_NO_PIC = NO;
				GCC_NO_COMMON_BLOCKS = YES;
				GCC_OPTIMIZATION_LEVEL = 0;
				GCC_PREPROCESSOR_DEFINITIONS = (
					"DEBUG=1",
					"$(inherited)",
				);
				GCC_WARN_64_TO_32_BIT_CONVERSION = YES;
				GCC_WARN_ABOUT_RETURN_TYPE = YES_ERROR;
				GCC_WARN_UNDECLARED_SELECTOR = YES;
				GCC_WARN_UNINITIALIZED_AUTOS = YES_AGGRESSIVE;
				GCC_WARN_UNUSED_FUNCTION = YES;
				GCC_WARN_UNUSED_VARIABLE = YES;
				IPHONEOS_DEPLOYMENT_TARGET = 11.0;
				MTL_ENABLE_DEBUG_INFO = YES;
				ONLY_ACTIVE_ARCH = YES;
				SDKROOT = iphoneos;
				SWIFT_ACTIVE_COMPILATION_CONDITIONS = DEBUG;
				SWIFT_OPTIMIZATION_LEVEL = "-Onone";
			};
			name = Debug;
		};
		1845901D1FA310E600594932 /* Release */ = {
			isa = XCBuildConfiguration;
			buildSettings = {
				ALWAYS_SEARCH_USER_PATHS = NO;
				CLANG_ANALYZER_NONNULL = YES;
				CLANG_ANALYZER_NUMBER_OBJECT_CONVERSION = YES_AGGRESSIVE;
				CLANG_CXX_LANGUAGE_STANDARD = "gnu++14";
				CLANG_CXX_LIBRARY = "libc++";
				CLANG_ENABLE_MODULES = YES;
				CLANG_ENABLE_OBJC_ARC = YES;
				CLANG_WARN_BLOCK_CAPTURE_AUTORELEASING = YES;
				CLANG_WARN_BOOL_CONVERSION = YES;
				CLANG_WARN_COMMA = YES;
				CLANG_WARN_CONSTANT_CONVERSION = YES;
				CLANG_WARN_DIRECT_OBJC_ISA_USAGE = YES_ERROR;
				CLANG_WARN_DOCUMENTATION_COMMENTS = YES;
				CLANG_WARN_EMPTY_BODY = YES;
				CLANG_WARN_ENUM_CONVERSION = YES;
				CLANG_WARN_INFINITE_RECURSION = YES;
				CLANG_WARN_INT_CONVERSION = YES;
				CLANG_WARN_NON_LITERAL_NULL_CONVERSION = YES;
				CLANG_WARN_OBJC_LITERAL_CONVERSION = YES;
				CLANG_WARN_OBJC_ROOT_CLASS = YES_ERROR;
				CLANG_WARN_RANGE_LOOP_ANALYSIS = YES;
				CLANG_WARN_STRICT_PROTOTYPES = YES;
				CLANG_WARN_SUSPICIOUS_MOVE = YES;
				CLANG_WARN_UNGUARDED_AVAILABILITY = YES_AGGRESSIVE;
				CLANG_WARN_UNREACHABLE_CODE = YES;
				CLANG_WARN__DUPLICATE_METHOD_MATCH = YES;
				CODE_SIGN_IDENTITY = "iPhone Developer";
				COPY_PHASE_STRIP = NO;
				DEBUG_INFORMATION_FORMAT = "dwarf-with-dsym";
				ENABLE_NS_ASSERTIONS = NO;
				ENABLE_STRICT_OBJC_MSGSEND = YES;
				GCC_C_LANGUAGE_STANDARD = gnu11;
				GCC_NO_COMMON_BLOCKS = YES;
				GCC_WARN_64_TO_32_BIT_CONVERSION = YES;
				GCC_WARN_ABOUT_RETURN_TYPE = YES_ERROR;
				GCC_WARN_UNDECLARED_SELECTOR = YES;
				GCC_WARN_UNINITIALIZED_AUTOS = YES_AGGRESSIVE;
				GCC_WARN_UNUSED_FUNCTION = YES;
				GCC_WARN_UNUSED_VARIABLE = YES;
				IPHONEOS_DEPLOYMENT_TARGET = 11.0;
				MTL_ENABLE_DEBUG_INFO = NO;
				SDKROOT = iphoneos;
				SWIFT_OPTIMIZATION_LEVEL = "-Owholemodule";
				VALIDATE_PRODUCT = YES;
			};
			name = Release;
		};
		1845901F1FA310E600594932 /* Debug */ = {
			isa = XCBuildConfiguration;
			baseConfigurationReference = F0DBACFCB6EA0DBA4C85FF09 /* Pods-LewisKendrick_KeenFit.debug.xcconfig */;
			buildSettings = {
				ASSETCATALOG_COMPILER_APPICON_NAME = AppIcon;
				CODE_SIGN_STYLE = Automatic;
				DEVELOPMENT_TEAM = 298HJPYB3Y;
				INFOPLIST_FILE = LewisKendrick_KeenFit/Info.plist;
				LD_RUNPATH_SEARCH_PATHS = "$(inherited) @executable_path/Frameworks";
				PRODUCT_BUNDLE_IDENTIFIER = "comm-classnotes.LewisKendrick-KeenFit";
				PRODUCT_NAME = "$(TARGET_NAME)";
				SWIFT_VERSION = 4.0;
				TARGETED_DEVICE_FAMILY = "1,2";
			};
			name = Debug;
		};
		184590201FA310E600594932 /* Release */ = {
			isa = XCBuildConfiguration;
			baseConfigurationReference = 50B9E4CAF55031FB83F55448 /* Pods-LewisKendrick_KeenFit.release.xcconfig */;
			buildSettings = {
				ASSETCATALOG_COMPILER_APPICON_NAME = AppIcon;
				CODE_SIGN_STYLE = Automatic;
				DEVELOPMENT_TEAM = 298HJPYB3Y;
				INFOPLIST_FILE = LewisKendrick_KeenFit/Info.plist;
				LD_RUNPATH_SEARCH_PATHS = "$(inherited) @executable_path/Frameworks";
				PRODUCT_BUNDLE_IDENTIFIER = "comm-classnotes.LewisKendrick-KeenFit";
				PRODUCT_NAME = "$(TARGET_NAME)";
				SWIFT_VERSION = 4.0;
				TARGETED_DEVICE_FAMILY = "1,2";
			};
			name = Release;
		};
/* End XCBuildConfiguration section */

/* Begin XCConfigurationList section */
		184590071FA310E600594932 /* Build configuration list for PBXProject "LewisKendrick_KeenFit" */ = {
			isa = XCConfigurationList;
			buildConfigurations = (
				1845901C1FA310E600594932 /* Debug */,
				1845901D1FA310E600594932 /* Release */,
			);
			defaultConfigurationIsVisible = 0;
			defaultConfigurationName = Release;
		};
		1845901E1FA310E600594932 /* Build configuration list for PBXNativeTarget "LewisKendrick_KeenFit" */ = {
			isa = XCConfigurationList;
			buildConfigurations = (
				1845901F1FA310E600594932 /* Debug */,
				184590201FA310E600594932 /* Release */,
			);
			defaultConfigurationIsVisible = 0;
			defaultConfigurationName = Release;
		};
/* End XCConfigurationList section */
	};
	rootObject = 184590041FA310E600594932 /* Project object */;
}
